// !$*UTF8*$!
{
	archiveVersion = 1;
	classes = {
	};
	objectVersion = 56;
	objects = {

/* Begin PBXBuildFile section */
		227EDC5D2C18895700EC9A77 /* PlayerAvatarView.swift in Sources */ = {isa = PBXBuildFile; fileRef = 227EDC5C2C18895700EC9A77 /* PlayerAvatarView.swift */; };
		227EDC5F2C188BFC00EC9A77 /* PlayerStatisticView.swift in Sources */ = {isa = PBXBuildFile; fileRef = 227EDC5E2C188BFC00EC9A77 /* PlayerStatisticView.swift */; };
		227EDC612C18AC2700EC9A77 /* VSView.swift in Sources */ = {isa = PBXBuildFile; fileRef = 227EDC602C18AC2700EC9A77 /* VSView.swift */; };
		227EDC632C18ACE800EC9A77 /* GetReadyView.swift in Sources */ = {isa = PBXBuildFile; fileRef = 227EDC622C18ACE800EC9A77 /* GetReadyView.swift */; };
		227EDC652C18AD4E00EC9A77 /* BackgroundView.swift in Sources */ = {isa = PBXBuildFile; fileRef = 227EDC642C18AD4E00EC9A77 /* BackgroundView.swift */; };
		5263BE002C164BF9008978A7 /* ImageFightResultView.swift in Sources */ = {isa = PBXBuildFile; fileRef = 5263BDFF2C164BF9008978A7 /* ImageFightResultView.swift */; };
		5263BE022C164CB7008978A7 /* ButtonFightResultView.swift in Sources */ = {isa = PBXBuildFile; fileRef = 5263BE012C164CB7008978A7 /* ButtonFightResultView.swift */; };
		5263BE042C1650DE008978A7 /* CheckFightResultView.swift in Sources */ = {isa = PBXBuildFile; fileRef = 5263BE032C1650DE008978A7 /* CheckFightResultView.swift */; };
		5263BE072C165425008978A7 /* FightResuleLoosView.swift in Sources */ = {isa = PBXBuildFile; fileRef = 5263BE062C165425008978A7 /* FightResuleLoosView.swift */; };
		5263BE092C165486008978A7 /* ImageFightResultLoosView.swift in Sources */ = {isa = PBXBuildFile; fileRef = 5263BE082C165486008978A7 /* ImageFightResultLoosView.swift */; };
		5263BE0B2C16552B008978A7 /* CheckFightResultLoosView.swift in Sources */ = {isa = PBXBuildFile; fileRef = 5263BE0A2C16552B008978A7 /* CheckFightResultLoosView.swift */; };
		64891A412C19C802003C13A3 /* paper.wav in Resources */ = {isa = PBXBuildFile; fileRef = 64891A402C19C802003C13A3 /* paper.wav */; };
		64891A442C19C88A003C13A3 /* scissors.wav in Resources */ = {isa = PBXBuildFile; fileRef = 64891A422C19C88A003C13A3 /* scissors.wav */; };
		64891A452C19C88A003C13A3 /* rock.wav in Resources */ = {isa = PBXBuildFile; fileRef = 64891A432C19C88A003C13A3 /* rock.wav */; };
		64891A472C19CCA1003C13A3 /* BattleMusic.wav in Resources */ = {isa = PBXBuildFile; fileRef = 64891A462C19CCA1003C13A3 /* BattleMusic.wav */; };
		7651CFD32C1B330600A64694 /* DelaGothicOne-Regular.ttf in Resources */ = {isa = PBXBuildFile; fileRef = 7651CFD22C1B330600A64694 /* DelaGothicOne-Regular.ttf */; };
		76C7DCC22C1C56A60031C518 /* Rubik-VariableFont_wght.ttf in Resources */ = {isa = PBXBuildFile; fileRef = 76C7DCC12C1C56A60031C518 /* Rubik-VariableFont_wght.ttf */; };
		84218BAA2C1644B80006D238 /* FightResultWinView.swift in Sources */ = {isa = PBXBuildFile; fileRef = 84218BA92C1644B80006D238 /* FightResultWinView.swift */; };
		84218BB02C16450B0006D238 /* GameModel.swift in Sources */ = {isa = PBXBuildFile; fileRef = 84218BAF2C16450B0006D238 /* GameModel.swift */; };
		84218BB22C1645230006D238 /* GameView.swift in Sources */ = {isa = PBXBuildFile; fileRef = 84218BB12C1645230006D238 /* GameView.swift */; };
		84218BB42C1645360006D238 /* GameViewModel.swift in Sources */ = {isa = PBXBuildFile; fileRef = 84218BB32C1645360006D238 /* GameViewModel.swift */; };
		84218BB62C1645560006D238 /* FightLoadViewModel.swift in Sources */ = {isa = PBXBuildFile; fileRef = 84218BB52C1645560006D238 /* FightLoadViewModel.swift */; };
		84218BB82C1645680006D238 /* FightLoadView.swift in Sources */ = {isa = PBXBuildFile; fileRef = 84218BB72C1645680006D238 /* FightLoadView.swift */; };
		84218BBA2C1645810006D238 /* FightLoadModel.swift in Sources */ = {isa = PBXBuildFile; fileRef = 84218BB92C1645810006D238 /* FightLoadModel.swift */; };
		84218BBC2C1645970006D238 /* RulesViewModel.swift in Sources */ = {isa = PBXBuildFile; fileRef = 84218BBB2C1645970006D238 /* RulesViewModel.swift */; };
		84218BBE2C1645A90006D238 /* RulesView.swift in Sources */ = {isa = PBXBuildFile; fileRef = 84218BBD2C1645A90006D238 /* RulesView.swift */; };
		84218BC02C1645B90006D238 /* RulesModel.swift in Sources */ = {isa = PBXBuildFile; fileRef = 84218BBF2C1645B90006D238 /* RulesModel.swift */; };
		84218BC22C1645CB0006D238 /* HomeViewModel.swift in Sources */ = {isa = PBXBuildFile; fileRef = 84218BC12C1645CB0006D238 /* HomeViewModel.swift */; };
		84218BC42C1645DC0006D238 /* HomeView.swift in Sources */ = {isa = PBXBuildFile; fileRef = 84218BC32C1645DC0006D238 /* HomeView.swift */; };
		84218BC62C1645ED0006D238 /* HomeModel.swift in Sources */ = {isa = PBXBuildFile; fileRef = 84218BC52C1645ED0006D238 /* HomeModel.swift */; };
		848768BC2C18AABD000E593B /* ButtonView.swift in Sources */ = {isa = PBXBuildFile; fileRef = 848768B72C18AABD000E593B /* ButtonView.swift */; };
		848768BD2C18AABD000E593B /* TimerView.swift in Sources */ = {isa = PBXBuildFile; fileRef = 848768B82C18AABD000E593B /* TimerView.swift */; };
		848768BE2C18AABD000E593B /* ButtonsView.swift in Sources */ = {isa = PBXBuildFile; fileRef = 848768B92C18AABD000E593B /* ButtonsView.swift */; };
		848768BF2C18AABD000E593B /* BackgoundView.swift in Sources */ = {isa = PBXBuildFile; fileRef = 848768BA2C18AABD000E593B /* BackgoundView.swift */; };
		848768C02C18AABD000E593B /* PointsView.swift in Sources */ = {isa = PBXBuildFile; fileRef = 848768BB2C18AABD000E593B /* PointsView.swift */; };
		84FBEC002C15DC90005AF1A0 /* EPIC_RPSApp.swift in Sources */ = {isa = PBXBuildFile; fileRef = 84FBEBFF2C15DC90005AF1A0 /* EPIC_RPSApp.swift */; };
		84FBEC022C15DC90005AF1A0 /* ContentView.swift in Sources */ = {isa = PBXBuildFile; fileRef = 84FBEC012C15DC90005AF1A0 /* ContentView.swift */; };
		84FBEC042C15DC92005AF1A0 /* Assets.xcassets in Resources */ = {isa = PBXBuildFile; fileRef = 84FBEC032C15DC92005AF1A0 /* Assets.xcassets */; };
		84FBEC072C15DC92005AF1A0 /* Preview Assets.xcassets in Resources */ = {isa = PBXBuildFile; fileRef = 84FBEC062C15DC92005AF1A0 /* Preview Assets.xcassets */; };
/* End PBXBuildFile section */

/* Begin PBXFileReference section */
		227EDC5C2C18895700EC9A77 /* PlayerAvatarView.swift */ = {isa = PBXFileReference; lastKnownFileType = sourcecode.swift; path = PlayerAvatarView.swift; sourceTree = "<group>"; };
		227EDC5E2C188BFC00EC9A77 /* PlayerStatisticView.swift */ = {isa = PBXFileReference; lastKnownFileType = sourcecode.swift; path = PlayerStatisticView.swift; sourceTree = "<group>"; };
		227EDC602C18AC2700EC9A77 /* VSView.swift */ = {isa = PBXFileReference; lastKnownFileType = sourcecode.swift; path = VSView.swift; sourceTree = "<group>"; };
		227EDC622C18ACE800EC9A77 /* GetReadyView.swift */ = {isa = PBXFileReference; lastKnownFileType = sourcecode.swift; path = GetReadyView.swift; sourceTree = "<group>"; };
		227EDC642C18AD4E00EC9A77 /* BackgroundView.swift */ = {isa = PBXFileReference; lastKnownFileType = sourcecode.swift; path = BackgroundView.swift; sourceTree = "<group>"; };
		5263BDFF2C164BF9008978A7 /* ImageFightResultView.swift */ = {isa = PBXFileReference; lastKnownFileType = sourcecode.swift; path = ImageFightResultView.swift; sourceTree = "<group>"; };
		5263BE012C164CB7008978A7 /* ButtonFightResultView.swift */ = {isa = PBXFileReference; lastKnownFileType = sourcecode.swift; path = ButtonFightResultView.swift; sourceTree = "<group>"; };
		5263BE032C1650DE008978A7 /* CheckFightResultView.swift */ = {isa = PBXFileReference; lastKnownFileType = sourcecode.swift; path = CheckFightResultView.swift; sourceTree = "<group>"; };
		5263BE062C165425008978A7 /* FightResuleLoosView.swift */ = {isa = PBXFileReference; lastKnownFileType = sourcecode.swift; path = FightResuleLoosView.swift; sourceTree = "<group>"; };
		5263BE082C165486008978A7 /* ImageFightResultLoosView.swift */ = {isa = PBXFileReference; lastKnownFileType = sourcecode.swift; path = ImageFightResultLoosView.swift; sourceTree = "<group>"; };
		5263BE0A2C16552B008978A7 /* CheckFightResultLoosView.swift */ = {isa = PBXFileReference; lastKnownFileType = sourcecode.swift; path = CheckFightResultLoosView.swift; sourceTree = "<group>"; };
		64891A402C19C802003C13A3 /* paper.wav */ = {isa = PBXFileReference; lastKnownFileType = audio.wav; path = paper.wav; sourceTree = "<group>"; };
		64891A422C19C88A003C13A3 /* scissors.wav */ = {isa = PBXFileReference; lastKnownFileType = audio.wav; path = scissors.wav; sourceTree = "<group>"; };
		64891A432C19C88A003C13A3 /* rock.wav */ = {isa = PBXFileReference; lastKnownFileType = audio.wav; path = rock.wav; sourceTree = "<group>"; };
		64891A462C19CCA1003C13A3 /* BattleMusic.wav */ = {isa = PBXFileReference; lastKnownFileType = audio.wav; path = BattleMusic.wav; sourceTree = "<group>"; };
		7651CFD22C1B330600A64694 /* DelaGothicOne-Regular.ttf */ = {isa = PBXFileReference; lastKnownFileType = file; path = "DelaGothicOne-Regular.ttf"; sourceTree = "<group>"; };
		7651CFD42C1B33DF00A64694 /* EPIC-RPS-Info.plist */ = {isa = PBXFileReference; lastKnownFileType = text.plist; path = "EPIC-RPS-Info.plist"; sourceTree = SOURCE_ROOT; };
		76C7DCC12C1C56A60031C518 /* Rubik-VariableFont_wght.ttf */ = {isa = PBXFileReference; lastKnownFileType = file; name = "Rubik-VariableFont_wght.ttf"; path = "../../../../../../../Downloads/Rubik/Rubik-VariableFont_wght.ttf"; sourceTree = "<group>"; };
		84218BA92C1644B80006D238 /* FightResultWinView.swift */ = {isa = PBXFileReference; lastKnownFileType = sourcecode.swift; path = FightResultWinView.swift; sourceTree = "<group>"; };
		84218BAF2C16450B0006D238 /* GameModel.swift */ = {isa = PBXFileReference; lastKnownFileType = sourcecode.swift; path = GameModel.swift; sourceTree = "<group>"; };
		84218BB12C1645230006D238 /* GameView.swift */ = {isa = PBXFileReference; lastKnownFileType = sourcecode.swift; path = GameView.swift; sourceTree = "<group>"; };
		84218BB32C1645360006D238 /* GameViewModel.swift */ = {isa = PBXFileReference; lastKnownFileType = sourcecode.swift; path = GameViewModel.swift; sourceTree = "<group>"; };
		84218BB52C1645560006D238 /* FightLoadViewModel.swift */ = {isa = PBXFileReference; lastKnownFileType = sourcecode.swift; path = FightLoadViewModel.swift; sourceTree = "<group>"; };
		84218BB72C1645680006D238 /* FightLoadView.swift */ = {isa = PBXFileReference; lastKnownFileType = sourcecode.swift; path = FightLoadView.swift; sourceTree = "<group>"; };
		84218BB92C1645810006D238 /* FightLoadModel.swift */ = {isa = PBXFileReference; lastKnownFileType = sourcecode.swift; path = FightLoadModel.swift; sourceTree = "<group>"; };
		84218BBB2C1645970006D238 /* RulesViewModel.swift */ = {isa = PBXFileReference; lastKnownFileType = sourcecode.swift; path = RulesViewModel.swift; sourceTree = "<group>"; };
		84218BBD2C1645A90006D238 /* RulesView.swift */ = {isa = PBXFileReference; lastKnownFileType = sourcecode.swift; path = RulesView.swift; sourceTree = "<group>"; };
		84218BBF2C1645B90006D238 /* RulesModel.swift */ = {isa = PBXFileReference; lastKnownFileType = sourcecode.swift; path = RulesModel.swift; sourceTree = "<group>"; };
		84218BC12C1645CB0006D238 /* HomeViewModel.swift */ = {isa = PBXFileReference; lastKnownFileType = sourcecode.swift; path = HomeViewModel.swift; sourceTree = "<group>"; };
		84218BC32C1645DC0006D238 /* HomeView.swift */ = {isa = PBXFileReference; lastKnownFileType = sourcecode.swift; path = HomeView.swift; sourceTree = "<group>"; };
		84218BC52C1645ED0006D238 /* HomeModel.swift */ = {isa = PBXFileReference; lastKnownFileType = sourcecode.swift; path = HomeModel.swift; sourceTree = "<group>"; };
		848768B72C18AABD000E593B /* ButtonView.swift */ = {isa = PBXFileReference; fileEncoding = 4; lastKnownFileType = sourcecode.swift; path = ButtonView.swift; sourceTree = "<group>"; };
		848768B82C18AABD000E593B /* TimerView.swift */ = {isa = PBXFileReference; fileEncoding = 4; lastKnownFileType = sourcecode.swift; path = TimerView.swift; sourceTree = "<group>"; };
		848768B92C18AABD000E593B /* ButtonsView.swift */ = {isa = PBXFileReference; fileEncoding = 4; lastKnownFileType = sourcecode.swift; path = ButtonsView.swift; sourceTree = "<group>"; };
		848768BA2C18AABD000E593B /* BackgoundView.swift */ = {isa = PBXFileReference; fileEncoding = 4; lastKnownFileType = sourcecode.swift; path = BackgoundView.swift; sourceTree = "<group>"; };
		848768BB2C18AABD000E593B /* PointsView.swift */ = {isa = PBXFileReference; fileEncoding = 4; lastKnownFileType = sourcecode.swift; path = PointsView.swift; sourceTree = "<group>"; };
		84FBEBFC2C15DC90005AF1A0 /* EPIC RPS.app */ = {isa = PBXFileReference; explicitFileType = wrapper.application; includeInIndex = 0; path = "EPIC RPS.app"; sourceTree = BUILT_PRODUCTS_DIR; };
		84FBEBFF2C15DC90005AF1A0 /* EPIC_RPSApp.swift */ = {isa = PBXFileReference; lastKnownFileType = sourcecode.swift; path = EPIC_RPSApp.swift; sourceTree = "<group>"; };
		84FBEC012C15DC90005AF1A0 /* ContentView.swift */ = {isa = PBXFileReference; lastKnownFileType = sourcecode.swift; path = ContentView.swift; sourceTree = "<group>"; };
		84FBEC032C15DC92005AF1A0 /* Assets.xcassets */ = {isa = PBXFileReference; lastKnownFileType = folder.assetcatalog; path = Assets.xcassets; sourceTree = "<group>"; };
		84FBEC062C15DC92005AF1A0 /* Preview Assets.xcassets */ = {isa = PBXFileReference; lastKnownFileType = folder.assetcatalog; path = "Preview Assets.xcassets"; sourceTree = "<group>"; };
/* End PBXFileReference section */

/* Begin PBXFrameworksBuildPhase section */
		84FBEBF92C15DC90005AF1A0 /* Frameworks */ = {
			isa = PBXFrameworksBuildPhase;
			buildActionMask = 2147483647;
			files = (
			);
			runOnlyForDeploymentPostprocessing = 0;
		};
/* End PBXFrameworksBuildPhase section */

/* Begin PBXGroup section */
		5263BE052C165402008978A7 /* FightResultLoos */ = {
			isa = PBXGroup;
			children = (
				5263BE062C165425008978A7 /* FightResuleLoosView.swift */,
				5263BE082C165486008978A7 /* ImageFightResultLoosView.swift */,
				5263BE0A2C16552B008978A7 /* CheckFightResultLoosView.swift */,
			);
			path = FightResultLoos;
			sourceTree = "<group>";
		};
		84218B942C16431F0006D238 /* Modules */ = {
			isa = PBXGroup;
			children = (
				84218B952C1643310006D238 /* Home */,
				84218B962C16433B0006D238 /* Rules */,
				84218B982C1643770006D238 /* Fight Load */,
				84218B972C16435D0006D238 /* Game */,
				84218B992C1643AB0006D238 /* FightResult */,
			);
			path = Modules;
			sourceTree = "<group>";
		};
		84218B952C1643310006D238 /* Home */ = {
			isa = PBXGroup;
			children = (
				84218B9A2C1643DC0006D238 /* Model */,
				84218B9B2C1643E20006D238 /* View */,
				84218B9C2C1643EE0006D238 /* ViewModel */,
			);
			path = Home;
			sourceTree = "<group>";
		};
		84218B962C16433B0006D238 /* Rules */ = {
			isa = PBXGroup;
			children = (
				84218B9F2C1644180006D238 /* Model */,
				84218B9E2C1644130006D238 /* View */,
				84218B9D2C16440C0006D238 /* ViewModel */,
			);
			path = Rules;
			sourceTree = "<group>";
		};
		84218B972C16435D0006D238 /* Game */ = {
			isa = PBXGroup;
			children = (
				64891A462C19CCA1003C13A3 /* BattleMusic.wav */,
				64891A432C19C88A003C13A3 /* rock.wav */,
				64891A422C19C88A003C13A3 /* scissors.wav */,
				64891A402C19C802003C13A3 /* paper.wav */,
				84218BA52C1644720006D238 /* Model */,
				84218BA42C16446C0006D238 /* View */,
				84218BA32C1644630006D238 /* ViewModel */,
			);
			path = Game;
			sourceTree = "<group>";
		};
		84218B982C1643770006D238 /* Fight Load */ = {
			isa = PBXGroup;
			children = (
				84218BA22C16442D0006D238 /* Model */,
				84218BA12C1644260006D238 /* View */,
				84218BA02C16441F0006D238 /* ViewModel */,
			);
			path = "Fight Load";
			sourceTree = "<group>";
		};
		84218B992C1643AB0006D238 /* FightResult */ = {
			isa = PBXGroup;
			children = (
				5263BE052C165402008978A7 /* FightResultLoos */,
				84218BA92C1644B80006D238 /* FightResultWinView.swift */,
				5263BDFF2C164BF9008978A7 /* ImageFightResultView.swift */,
				5263BE032C1650DE008978A7 /* CheckFightResultView.swift */,
				5263BE012C164CB7008978A7 /* ButtonFightResultView.swift */,
			);
			path = FightResult;
			sourceTree = "<group>";
		};
		84218B9A2C1643DC0006D238 /* Model */ = {
			isa = PBXGroup;
			children = (
				84218BC52C1645ED0006D238 /* HomeModel.swift */,
			);
			path = Model;
			sourceTree = "<group>";
		};
		84218B9B2C1643E20006D238 /* View */ = {
			isa = PBXGroup;
			children = (
				84218BC32C1645DC0006D238 /* HomeView.swift */,
			);
			path = View;
			sourceTree = "<group>";
		};
		84218B9C2C1643EE0006D238 /* ViewModel */ = {
			isa = PBXGroup;
			children = (
				84218BC12C1645CB0006D238 /* HomeViewModel.swift */,
			);
			path = ViewModel;
			sourceTree = "<group>";
		};
		84218B9D2C16440C0006D238 /* ViewModel */ = {
			isa = PBXGroup;
			children = (
				84218BBB2C1645970006D238 /* RulesViewModel.swift */,
			);
			path = ViewModel;
			sourceTree = "<group>";
		};
		84218B9E2C1644130006D238 /* View */ = {
			isa = PBXGroup;
			children = (
				76C7DCC12C1C56A60031C518 /* Rubik-VariableFont_wght.ttf */,
				7651CFD22C1B330600A64694 /* DelaGothicOne-Regular.ttf */,
				84218BBD2C1645A90006D238 /* RulesView.swift */,
			);
			path = View;
			sourceTree = "<group>";
		};
		84218B9F2C1644180006D238 /* Model */ = {
			isa = PBXGroup;
			children = (
				84218BBF2C1645B90006D238 /* RulesModel.swift */,
			);
			path = Model;
			sourceTree = "<group>";
		};
		84218BA02C16441F0006D238 /* ViewModel */ = {
			isa = PBXGroup;
			children = (
				84218BB52C1645560006D238 /* FightLoadViewModel.swift */,
			);
			path = ViewModel;
			sourceTree = "<group>";
		};
		84218BA12C1644260006D238 /* View */ = {
			isa = PBXGroup;
			children = (
				84218BB72C1645680006D238 /* FightLoadView.swift */,
				227EDC5E2C188BFC00EC9A77 /* PlayerStatisticView.swift */,
				227EDC5C2C18895700EC9A77 /* PlayerAvatarView.swift */,
				227EDC602C18AC2700EC9A77 /* VSView.swift */,
				227EDC622C18ACE800EC9A77 /* GetReadyView.swift */,
				227EDC642C18AD4E00EC9A77 /* BackgroundView.swift */,
			);
			path = View;
			sourceTree = "<group>";
		};
		84218BA22C16442D0006D238 /* Model */ = {
			isa = PBXGroup;
			children = (
				84218BB92C1645810006D238 /* FightLoadModel.swift */,
			);
			path = Model;
			sourceTree = "<group>";
		};
		84218BA32C1644630006D238 /* ViewModel */ = {
			isa = PBXGroup;
			children = (
				84218BB32C1645360006D238 /* GameViewModel.swift */,
			);
			path = ViewModel;
			sourceTree = "<group>";
		};
		84218BA42C16446C0006D238 /* View */ = {
			isa = PBXGroup;
			children = (
				848768B62C18AA9E000E593B /* subView */,
				84218BB12C1645230006D238 /* GameView.swift */,
			);
			path = View;
			sourceTree = "<group>";
		};
		84218BA52C1644720006D238 /* Model */ = {
			isa = PBXGroup;
			children = (
				84218BAF2C16450B0006D238 /* GameModel.swift */,
			);
			path = Model;
			sourceTree = "<group>";
		};
		84218BC72C1646970006D238 /* SupportingFails */ = {
			isa = PBXGroup;
			children = (
				84FBEBFF2C15DC90005AF1A0 /* EPIC_RPSApp.swift */,
				84FBEC032C15DC92005AF1A0 /* Assets.xcassets */,
			);
			path = SupportingFails;
			sourceTree = "<group>";
		};
		848768B62C18AA9E000E593B /* subView */ = {
			isa = PBXGroup;
			children = (
				848768BA2C18AABD000E593B /* BackgoundView.swift */,
				848768B92C18AABD000E593B /* ButtonsView.swift */,
				848768B72C18AABD000E593B /* ButtonView.swift */,
				848768BB2C18AABD000E593B /* PointsView.swift */,
				848768B82C18AABD000E593B /* TimerView.swift */,
			);
			path = subView;
			sourceTree = "<group>";
		};
		84FBEBF32C15DC90005AF1A0 = {
			isa = PBXGroup;
			children = (
				84FBEBFE2C15DC90005AF1A0 /* EPIC RPS */,
				84FBEBFD2C15DC90005AF1A0 /* Products */,
			);
			sourceTree = "<group>";
		};
		84FBEBFD2C15DC90005AF1A0 /* Products */ = {
			isa = PBXGroup;
			children = (
				84FBEBFC2C15DC90005AF1A0 /* EPIC RPS.app */,
			);
			name = Products;
			sourceTree = "<group>";
		};
		84FBEBFE2C15DC90005AF1A0 /* EPIC RPS */ = {
			isa = PBXGroup;
			children = (
				7651CFD42C1B33DF00A64694 /* EPIC-RPS-Info.plist */,
				84FBEC052C15DC92005AF1A0 /* Preview Content */,
				84218B942C16431F0006D238 /* Modules */,
				84FBEC012C15DC90005AF1A0 /* ContentView.swift */,
				84218BC72C1646970006D238 /* SupportingFails */,
			);
			path = "EPIC RPS";
			sourceTree = "<group>";
		};
		84FBEC052C15DC92005AF1A0 /* Preview Content */ = {
			isa = PBXGroup;
			children = (
				84FBEC062C15DC92005AF1A0 /* Preview Assets.xcassets */,
			);
			path = "Preview Content";
			sourceTree = "<group>";
		};
/* End PBXGroup section */

/* Begin PBXNativeTarget section */
		84FBEBFB2C15DC90005AF1A0 /* EPIC RPS */ = {
			isa = PBXNativeTarget;
			buildConfigurationList = 84FBEC0A2C15DC92005AF1A0 /* Build configuration list for PBXNativeTarget "EPIC RPS" */;
			buildPhases = (
				84FBEBF82C15DC90005AF1A0 /* Sources */,
				84FBEBF92C15DC90005AF1A0 /* Frameworks */,
				84FBEBFA2C15DC90005AF1A0 /* Resources */,
			);
			buildRules = (
			);
			dependencies = (
			);
			name = "EPIC RPS";
			productName = "EPIC RPS";
			productReference = 84FBEBFC2C15DC90005AF1A0 /* EPIC RPS.app */;
			productType = "com.apple.product-type.application";
		};
/* End PBXNativeTarget section */

/* Begin PBXProject section */
		84FBEBF42C15DC90005AF1A0 /* Project object */ = {
			isa = PBXProject;
			attributes = {
				BuildIndependentTargetsInParallel = 1;
				LastSwiftUpdateCheck = 1540;
				LastUpgradeCheck = 1540;
				TargetAttributes = {
					84FBEBFB2C15DC90005AF1A0 = {
						CreatedOnToolsVersion = 15.4;
					};
				};
			};
			buildConfigurationList = 84FBEBF72C15DC90005AF1A0 /* Build configuration list for PBXProject "EPIC RPS" */;
			compatibilityVersion = "Xcode 14.0";
			developmentRegion = en;
			hasScannedForEncodings = 0;
			knownRegions = (
				en,
				Base,
			);
			mainGroup = 84FBEBF32C15DC90005AF1A0;
			productRefGroup = 84FBEBFD2C15DC90005AF1A0 /* Products */;
			projectDirPath = "";
			projectRoot = "";
			targets = (
				84FBEBFB2C15DC90005AF1A0 /* EPIC RPS */,
			);
		};
/* End PBXProject section */

/* Begin PBXResourcesBuildPhase section */
		84FBEBFA2C15DC90005AF1A0 /* Resources */ = {
			isa = PBXResourcesBuildPhase;
			buildActionMask = 2147483647;
			files = (
				64891A452C19C88A003C13A3 /* rock.wav in Resources */,
				84FBEC072C15DC92005AF1A0 /* Preview Assets.xcassets in Resources */,
				64891A412C19C802003C13A3 /* paper.wav in Resources */,
				84FBEC042C15DC92005AF1A0 /* Assets.xcassets in Resources */,
				64891A472C19CCA1003C13A3 /* BattleMusic.wav in Resources */,
				64891A442C19C88A003C13A3 /* scissors.wav in Resources */,
				7651CFD32C1B330600A64694 /* DelaGothicOne-Regular.ttf in Resources */,
				76C7DCC22C1C56A60031C518 /* Rubik-VariableFont_wght.ttf in Resources */,
			);
			runOnlyForDeploymentPostprocessing = 0;
		};
/* End PBXResourcesBuildPhase section */

/* Begin PBXSourcesBuildPhase section */
		84FBEBF82C15DC90005AF1A0 /* Sources */ = {
			isa = PBXSourcesBuildPhase;
			buildActionMask = 2147483647;
			files = (
				84218BC42C1645DC0006D238 /* HomeView.swift in Sources */,
				84218BB62C1645560006D238 /* FightLoadViewModel.swift in Sources */,
				84218BBA2C1645810006D238 /* FightLoadModel.swift in Sources */,
				5263BE0B2C16552B008978A7 /* CheckFightResultLoosView.swift in Sources */,
				84218BBC2C1645970006D238 /* RulesViewModel.swift in Sources */,
				5263BE022C164CB7008978A7 /* ButtonFightResultView.swift in Sources */,
				227EDC652C18AD4E00EC9A77 /* BackgroundView.swift in Sources */,
				848768BE2C18AABD000E593B /* ButtonsView.swift in Sources */,
				848768BC2C18AABD000E593B /* ButtonView.swift in Sources */,
				84218BB22C1645230006D238 /* GameView.swift in Sources */,
				84218BBE2C1645A90006D238 /* RulesView.swift in Sources */,
				227EDC632C18ACE800EC9A77 /* GetReadyView.swift in Sources */,
				84FBEC022C15DC90005AF1A0 /* ContentView.swift in Sources */,
				84218BAA2C1644B80006D238 /* FightResultWinView.swift in Sources */,
				848768BD2C18AABD000E593B /* TimerView.swift in Sources */,
				5263BE002C164BF9008978A7 /* ImageFightResultView.swift in Sources */,
				227EDC612C18AC2700EC9A77 /* VSView.swift in Sources */,
				84218BB82C1645680006D238 /* FightLoadView.swift in Sources */,
				84FBEC002C15DC90005AF1A0 /* EPIC_RPSApp.swift in Sources */,
				84218BC02C1645B90006D238 /* RulesModel.swift in Sources */,
				848768C02C18AABD000E593B /* PointsView.swift in Sources */,
				84218BC22C1645CB0006D238 /* HomeViewModel.swift in Sources */,
				227EDC5F2C188BFC00EC9A77 /* PlayerStatisticView.swift in Sources */,
				84218BB42C1645360006D238 /* GameViewModel.swift in Sources */,
				5263BE042C1650DE008978A7 /* CheckFightResultView.swift in Sources */,
				5263BE072C165425008978A7 /* FightResuleLoosView.swift in Sources */,
				848768BF2C18AABD000E593B /* BackgoundView.swift in Sources */,
				5263BE092C165486008978A7 /* ImageFightResultLoosView.swift in Sources */,
				84218BC62C1645ED0006D238 /* HomeModel.swift in Sources */,
				227EDC5D2C18895700EC9A77 /* PlayerAvatarView.swift in Sources */,
				84218BB02C16450B0006D238 /* GameModel.swift in Sources */,
			);
			runOnlyForDeploymentPostprocessing = 0;
		};
/* End PBXSourcesBuildPhase section */

/* Begin XCBuildConfiguration section */
		84FBEC082C15DC92005AF1A0 /* Debug */ = {
			isa = XCBuildConfiguration;
			buildSettings = {
				ALWAYS_SEARCH_USER_PATHS = NO;
				ASSETCATALOG_COMPILER_GENERATE_SWIFT_ASSET_SYMBOL_EXTENSIONS = YES;
				CLANG_ANALYZER_NONNULL = YES;
				CLANG_ANALYZER_NUMBER_OBJECT_CONVERSION = YES_AGGRESSIVE;
				CLANG_CXX_LANGUAGE_STANDARD = "gnu++20";
				CLANG_ENABLE_MODULES = YES;
				CLANG_ENABLE_OBJC_ARC = YES;
				CLANG_ENABLE_OBJC_WEAK = YES;
				CLANG_WARN_BLOCK_CAPTURE_AUTORELEASING = YES;
				CLANG_WARN_BOOL_CONVERSION = YES;
				CLANG_WARN_COMMA = YES;
				CLANG_WARN_CONSTANT_CONVERSION = YES;
				CLANG_WARN_DEPRECATED_OBJC_IMPLEMENTATIONS = YES;
				CLANG_WARN_DIRECT_OBJC_ISA_USAGE = YES_ERROR;
				CLANG_WARN_DOCUMENTATION_COMMENTS = YES;
				CLANG_WARN_EMPTY_BODY = YES;
				CLANG_WARN_ENUM_CONVERSION = YES;
				CLANG_WARN_INFINITE_RECURSION = YES;
				CLANG_WARN_INT_CONVERSION = YES;
				CLANG_WARN_NON_LITERAL_NULL_CONVERSION = YES;
				CLANG_WARN_OBJC_IMPLICIT_RETAIN_SELF = YES;
				CLANG_WARN_OBJC_LITERAL_CONVERSION = YES;
				CLANG_WARN_OBJC_ROOT_CLASS = YES_ERROR;
				CLANG_WARN_QUOTED_INCLUDE_IN_FRAMEWORK_HEADER = YES;
				CLANG_WARN_RANGE_LOOP_ANALYSIS = YES;
				CLANG_WARN_STRICT_PROTOTYPES = YES;
				CLANG_WARN_SUSPICIOUS_MOVE = YES;
				CLANG_WARN_UNGUARDED_AVAILABILITY = YES_AGGRESSIVE;
				CLANG_WARN_UNREACHABLE_CODE = YES;
				CLANG_WARN__DUPLICATE_METHOD_MATCH = YES;
				COPY_PHASE_STRIP = NO;
				DEBUG_INFORMATION_FORMAT = dwarf;
				ENABLE_STRICT_OBJC_MSGSEND = YES;
				ENABLE_TESTABILITY = YES;
				ENABLE_USER_SCRIPT_SANDBOXING = YES;
				GCC_C_LANGUAGE_STANDARD = gnu17;
				GCC_DYNAMIC_NO_PIC = NO;
				GCC_NO_COMMON_BLOCKS = YES;
				GCC_OPTIMIZATION_LEVEL = 0;
				GCC_PREPROCESSOR_DEFINITIONS = (
					"DEBUG=1",
					"$(inherited)",
				);
				GCC_WARN_64_TO_32_BIT_CONVERSION = YES;
				GCC_WARN_ABOUT_RETURN_TYPE = YES_ERROR;
				GCC_WARN_UNDECLARED_SELECTOR = YES;
				GCC_WARN_UNINITIALIZED_AUTOS = YES_AGGRESSIVE;
				GCC_WARN_UNUSED_FUNCTION = YES;
				GCC_WARN_UNUSED_VARIABLE = YES;
				IPHONEOS_DEPLOYMENT_TARGET = 15.0;
				LOCALIZATION_PREFERS_STRING_CATALOGS = YES;
				MTL_ENABLE_DEBUG_INFO = INCLUDE_SOURCE;
				MTL_FAST_MATH = YES;
				ONLY_ACTIVE_ARCH = YES;
				SDKROOT = iphoneos;
				SWIFT_ACTIVE_COMPILATION_CONDITIONS = "DEBUG $(inherited)";
				SWIFT_OPTIMIZATION_LEVEL = "-Onone";
			};
			name = Debug;
		};
		84FBEC092C15DC92005AF1A0 /* Release */ = {
			isa = XCBuildConfiguration;
			buildSettings = {
				ALWAYS_SEARCH_USER_PATHS = NO;
				ASSETCATALOG_COMPILER_GENERATE_SWIFT_ASSET_SYMBOL_EXTENSIONS = YES;
				CLANG_ANALYZER_NONNULL = YES;
				CLANG_ANALYZER_NUMBER_OBJECT_CONVERSION = YES_AGGRESSIVE;
				CLANG_CXX_LANGUAGE_STANDARD = "gnu++20";
				CLANG_ENABLE_MODULES = YES;
				CLANG_ENABLE_OBJC_ARC = YES;
				CLANG_ENABLE_OBJC_WEAK = YES;
				CLANG_WARN_BLOCK_CAPTURE_AUTORELEASING = YES;
				CLANG_WARN_BOOL_CONVERSION = YES;
				CLANG_WARN_COMMA = YES;
				CLANG_WARN_CONSTANT_CONVERSION = YES;
				CLANG_WARN_DEPRECATED_OBJC_IMPLEMENTATIONS = YES;
				CLANG_WARN_DIRECT_OBJC_ISA_USAGE = YES_ERROR;
				CLANG_WARN_DOCUMENTATION_COMMENTS = YES;
				CLANG_WARN_EMPTY_BODY = YES;
				CLANG_WARN_ENUM_CONVERSION = YES;
				CLANG_WARN_INFINITE_RECURSION = YES;
				CLANG_WARN_INT_CONVERSION = YES;
				CLANG_WARN_NON_LITERAL_NULL_CONVERSION = YES;
				CLANG_WARN_OBJC_IMPLICIT_RETAIN_SELF = YES;
				CLANG_WARN_OBJC_LITERAL_CONVERSION = YES;
				CLANG_WARN_OBJC_ROOT_CLASS = YES_ERROR;
				CLANG_WARN_QUOTED_INCLUDE_IN_FRAMEWORK_HEADER = YES;
				CLANG_WARN_RANGE_LOOP_ANALYSIS = YES;
				CLANG_WARN_STRICT_PROTOTYPES = YES;
				CLANG_WARN_SUSPICIOUS_MOVE = YES;
				CLANG_WARN_UNGUARDED_AVAILABILITY = YES_AGGRESSIVE;
				CLANG_WARN_UNREACHABLE_CODE = YES;
				CLANG_WARN__DUPLICATE_METHOD_MATCH = YES;
				COPY_PHASE_STRIP = NO;
				DEBUG_INFORMATION_FORMAT = "dwarf-with-dsym";
				ENABLE_NS_ASSERTIONS = NO;
				ENABLE_STRICT_OBJC_MSGSEND = YES;
				ENABLE_USER_SCRIPT_SANDBOXING = YES;
				GCC_C_LANGUAGE_STANDARD = gnu17;
				GCC_NO_COMMON_BLOCKS = YES;
				GCC_WARN_64_TO_32_BIT_CONVERSION = YES;
				GCC_WARN_ABOUT_RETURN_TYPE = YES_ERROR;
				GCC_WARN_UNDECLARED_SELECTOR = YES;
				GCC_WARN_UNINITIALIZED_AUTOS = YES_AGGRESSIVE;
				GCC_WARN_UNUSED_FUNCTION = YES;
				GCC_WARN_UNUSED_VARIABLE = YES;
				IPHONEOS_DEPLOYMENT_TARGET = 15.0;
				LOCALIZATION_PREFERS_STRING_CATALOGS = YES;
				MTL_ENABLE_DEBUG_INFO = NO;
				MTL_FAST_MATH = YES;
				SDKROOT = iphoneos;
				SWIFT_COMPILATION_MODE = wholemodule;
				VALIDATE_PRODUCT = YES;
			};
			name = Release;
		};
		84FBEC0B2C15DC92005AF1A0 /* Debug */ = {
			isa = XCBuildConfiguration;
			buildSettings = {
				ASSETCATALOG_COMPILER_APPICON_NAME = AppIcon;
				ASSETCATALOG_COMPILER_GLOBAL_ACCENT_COLOR_NAME = AccentColor;
				CODE_SIGN_STYLE = Automatic;
				CURRENT_PROJECT_VERSION = 1;
				DEVELOPMENT_ASSET_PATHS = "\"EPIC RPS/Preview Content\"";
				DEVELOPMENT_TEAM = "";
				ENABLE_PREVIEWS = YES;
				GENERATE_INFOPLIST_FILE = YES;
				INFOPLIST_FILE = "EPIC-RPS-Info.plist";
				INFOPLIST_KEY_UIApplicationSceneManifest_Generation = YES;
				INFOPLIST_KEY_UIApplicationSupportsIndirectInputEvents = YES;
				INFOPLIST_KEY_UILaunchScreen_Generation = YES;
				INFOPLIST_KEY_UISupportedInterfaceOrientations = UIInterfaceOrientationPortrait;
				INFOPLIST_KEY_UISupportedInterfaceOrientations_iPad = "UIInterfaceOrientationLandscapeLeft UIInterfaceOrientationLandscapeRight UIInterfaceOrientationPortrait UIInterfaceOrientationPortraitUpsideDown";
				IPHONEOS_DEPLOYMENT_TARGET = 15.0;
				LD_RUNPATH_SEARCH_PATHS = (
					"$(inherited)",
					"@executable_path/Frameworks",
				);
				MARKETING_VERSION = 1.0;
				PRODUCT_BUNDLE_IDENTIFIER = "com.privetyanikiya.EPIC-RPS";
				PRODUCT_NAME = "$(TARGET_NAME)";
				SUPPORTED_PLATFORMS = "iphoneos iphonesimulator";
				SUPPORTS_MACCATALYST = NO;
				SUPPORTS_MAC_DESIGNED_FOR_IPHONE_IPAD = NO;
				SUPPORTS_XR_DESIGNED_FOR_IPHONE_IPAD = NO;
				SWIFT_EMIT_LOC_STRINGS = YES;
				SWIFT_VERSION = 5.0;
				TARGETED_DEVICE_FAMILY = 1;
			};
			name = Debug;
		};
		84FBEC0C2C15DC92005AF1A0 /* Release */ = {
			isa = XCBuildConfiguration;
			buildSettings = {
				ASSETCATALOG_COMPILER_APPICON_NAME = AppIcon;
				ASSETCATALOG_COMPILER_GLOBAL_ACCENT_COLOR_NAME = AccentColor;
				CODE_SIGN_STYLE = Automatic;
				CURRENT_PROJECT_VERSION = 1;
				DEVELOPMENT_ASSET_PATHS = "\"EPIC RPS/Preview Content\"";
				DEVELOPMENT_TEAM = "";
				ENABLE_PREVIEWS = YES;
				GENERATE_INFOPLIST_FILE = YES;
				INFOPLIST_FILE = "EPIC-RPS-Info.plist";
				INFOPLIST_KEY_UIApplicationSceneManifest_Generation = YES;
				INFOPLIST_KEY_UIApplicationSupportsIndirectInputEvents = YES;
				INFOPLIST_KEY_UILaunchScreen_Generation = YES;
				INFOPLIST_KEY_UISupportedInterfaceOrientations = UIInterfaceOrientationPortrait;
				INFOPLIST_KEY_UISupportedInterfaceOrientations_iPad = "UIInterfaceOrientationLandscapeLeft UIInterfaceOrientationLandscapeRight UIInterfaceOrientationPortrait UIInterfaceOrientationPortraitUpsideDown";
				IPHONEOS_DEPLOYMENT_TARGET = 15.0;
				LD_RUNPATH_SEARCH_PATHS = (
					"$(inherited)",
					"@executable_path/Frameworks",
				);
				MARKETING_VERSION = 1.0;
				PRODUCT_BUNDLE_IDENTIFIER = "com.privetyanikiya.EPIC-RPS";
				PRODUCT_NAME = "$(TARGET_NAME)";
				SUPPORTED_PLATFORMS = "iphoneos iphonesimulator";
				SUPPORTS_MACCATALYST = NO;
				SUPPORTS_MAC_DESIGNED_FOR_IPHONE_IPAD = NO;
				SUPPORTS_XR_DESIGNED_FOR_IPHONE_IPAD = NO;
				SWIFT_EMIT_LOC_STRINGS = YES;
				SWIFT_VERSION = 5.0;
				TARGETED_DEVICE_FAMILY = 1;
			};
			name = Release;
		};
/* End XCBuildConfiguration section */

/* Begin XCConfigurationList section */
		84FBEBF72C15DC90005AF1A0 /* Build configuration list for PBXProject "EPIC RPS" */ = {
			isa = XCConfigurationList;
			buildConfigurations = (
				84FBEC082C15DC92005AF1A0 /* Debug */,
				84FBEC092C15DC92005AF1A0 /* Release */,
			);
			defaultConfigurationIsVisible = 0;
			defaultConfigurationName = Release;
		};
		84FBEC0A2C15DC92005AF1A0 /* Build configuration list for PBXNativeTarget "EPIC RPS" */ = {
			isa = XCConfigurationList;
			buildConfigurations = (
				84FBEC0B2C15DC92005AF1A0 /* Debug */,
				84FBEC0C2C15DC92005AF1A0 /* Release */,
			);
			defaultConfigurationIsVisible = 0;
			defaultConfigurationName = Release;
		};
/* End XCConfigurationList section */
	};
	rootObject = 84FBEBF42C15DC90005AF1A0 /* Project object */;
}
